// !$*UTF8*$!
{
	archiveVersion = 1;
	classes = {
	};
	objectVersion = 56;
	objects = {

/* Begin PBXBuildFile section */
		B10101 /* GitPersonaApp.swift in Sources */ = {isa = PBXBuildFile; fileRef = F10101 /* GitPersonaApp.swift */; };
		B10102 /* Models.swift in Sources */ = {isa = PBXBuildFile; fileRef = F10102 /* Models.swift */; };
		B10103 /* PersonaStore.swift in Sources */ = {isa = PBXBuildFile; fileRef = F10103 /* PersonaStore.swift */; };
		B10112 /* PersonaVault.swift in Sources */ = {isa = PBXBuildFile; fileRef = F10112 /* PersonaVault.swift */; };
		B10104 /* GitConfigApplier.swift in Sources */ = {isa = PBXBuildFile; fileRef = F10104 /* GitConfigApplier.swift */; };
		B10105 /* RepoResolver.swift in Sources */ = {isa = PBXBuildFile; fileRef = F10105 /* RepoResolver.swift */; };
		B10106 /* GlassChrome.swift in Sources */ = {isa = PBXBuildFile; fileRef = F10106 /* GlassChrome.swift */; };
		B10107 /* MenuBarPopoverView.swift in Sources */ = {isa = PBXBuildFile; fileRef = F10107 /* MenuBarPopoverView.swift */; };
		B10108 /* SettingsView.swift in Sources */ = {isa = PBXBuildFile; fileRef = F10108 /* SettingsView.swift */; };
		B10109 /* Assets.xcassets in Resources */ = {isa = PBXBuildFile; fileRef = F10109 /* Assets.xcassets */; };
		B10110 /* AppVersion.swift in Sources */ = {isa = PBXBuildFile; fileRef = F10111 /* AppVersion.swift */; };
		B10113 /* LaunchAtLogin.swift in Sources */ = {isa = PBXBuildFile; fileRef = F10113 /* LaunchAtLogin.swift */; };
/* End PBXBuildFile section */

/* Begin PBXFileReference section */
		F10000 /* GitPersona.app */ = {isa = PBXFileReference; explicitFileType = wrapper.application; includeInIndex = 0; path = GitPersona.app; sourceTree = BUILT_PRODUCTS_DIR; };
		F10101 /* GitPersonaApp.swift */ = {isa = PBXFileReference; lastKnownFileType = sourcecode.swift; path = GitPersonaApp.swift; sourceTree = "<group>"; };
		F10102 /* Models.swift */ = {isa = PBXFileReference; lastKnownFileType = sourcecode.swift; path = Models.swift; sourceTree = "<group>"; };
		F10103 /* PersonaStore.swift */ = {isa = PBXFileReference; lastKnownFileType = sourcecode.swift; path = PersonaStore.swift; sourceTree = "<group>"; };
		F10112 /* PersonaVault.swift */ = {isa = PBXFileReference; lastKnownFileType = sourcecode.swift; path = PersonaVault.swift; sourceTree = "<group>"; };
		F10104 /* GitConfigApplier.swift */ = {isa = PBXFileReference; lastKnownFileType = sourcecode.swift; path = GitConfigApplier.swift; sourceTree = "<group>"; };
		F10105 /* RepoResolver.swift */ = {isa = PBXFileReference; lastKnownFileType = sourcecode.swift; path = RepoResolver.swift; sourceTree = "<group>"; };
		F10106 /* GlassChrome.swift */ = {isa = PBXFileReference; lastKnownFileType = sourcecode.swift; path = GlassChrome.swift; sourceTree = "<group>"; };
		F10107 /* MenuBarPopoverView.swift */ = {isa = PBXFileReference; lastKnownFileType = sourcecode.swift; path = MenuBarPopoverView.swift; sourceTree = "<group>"; };
		F10108 /* SettingsView.swift */ = {isa = PBXFileReference; lastKnownFileType = sourcecode.swift; path = SettingsView.swift; sourceTree = "<group>"; };
		F10109 /* Assets.xcassets */ = {isa = PBXFileReference; lastKnownFileType = folder.assetcatalog; path = Assets.xcassets; sourceTree = "<group>"; };
		F10110 /* Version.xcconfig */ = {isa = PBXFileReference; lastKnownFileType = text.xcconfig; path = Version.xcconfig; sourceTree = "<group>"; };
		F10111 /* AppVersion.swift */ = {isa = PBXFileReference; lastKnownFileType = sourcecode.swift; path = AppVersion.swift; sourceTree = "<group>"; };
		F10113 /* LaunchAtLogin.swift */ = {isa = PBXFileReference; lastKnownFileType = sourcecode.swift; path = LaunchAtLogin.swift; sourceTree = "<group>"; };
/* End PBXFileReference section */

/* Begin PBXFrameworksBuildPhase section */
		P20002 /* Frameworks */ = {
			isa = PBXFrameworksBuildPhase;
			buildActionMask = 2147483647;
			files = (
			);
			runOnlyForDeploymentPostprocessing = 0;
		};
/* End PBXFrameworksBuildPhase section */

/* Begin PBXGroup section */
		G30000 = {
			isa = PBXGroup;
			children = (
				G30001 /* GitPersona */,
				G30002 /* Products */,
			);
			sourceTree = "<group>";
		};
		G30001 /* GitPersona */ = {
			isa = PBXGroup;
			children = (
				F10110 /* Version.xcconfig */,
				F10101 /* GitPersonaApp.swift */,
				F10102 /* Models.swift */,
				F10103 /* PersonaStore.swift */,
				F10112 /* PersonaVault.swift */,
				F10104 /* GitConfigApplier.swift */,
				F10105 /* RepoResolver.swift */,
				F10106 /* GlassChrome.swift */,
				F10107 /* MenuBarPopoverView.swift */,
				F10108 /* SettingsView.swift */,
				F10111 /* AppVersion.swift */,
				F10113 /* LaunchAtLogin.swift */,
				F10109 /* Assets.xcassets */,
			);
			path = GitPersona;
			sourceTree = "<group>";
		};
		G30002 /* Products */ = {
			isa = PBXGroup;
			children = (
				F10000 /* GitPersona.app */,
			);
			name = Products;
			sourceTree = "<group>";
		};
/* End PBXGroup section */

/* Begin PBXNativeTarget section */
		T40001 /* GitPersona */ = {
			isa = PBXNativeTarget;
			buildConfigurationList = L40001 /* Build configuration list for PBXNativeTarget "GitPersona" */;
			buildPhases = (
				P20001 /* Sources */,
				P20002 /* Frameworks */,
				P20003 /* Resources */,
			);
			buildRules = (
			);
			dependencies = (
			);
			name = GitPersona;
			productName = GitPersona;
			productReference = F10000 /* GitPersona.app */;
			productType = "com.apple.product-type.application";
		};
/* End PBXNativeTarget section */

/* Begin PBXProject section */
		PROJ01 /* Project object */ = {
			isa = PBXProject;
			attributes = {
				BuildIndependentTargetsInParallel = 1;
				LastSwiftUpdateCheck = 2600;
				LastUpgradeCheck = 2600;
				TargetAttributes = {
					T40001 = {
						CreatedOnToolsVersion = 26.0;
					};
				};
			};
			buildConfigurationList = L40000 /* Build configuration list for PBXProject "GitPersona" */;
			compatibilityVersion = "Xcode 14.0";
			developmentRegion = en;
			hasScannedForEncodings = 0;
			knownRegions = (
				en,
				Base,
			);
			mainGroup = G30000;
			productRefGroup = G30002 /* Products */;
			projectDirPath = "";
			projectRoot = "";
			targets = (
				T40001 /* GitPersona */,
			);
		};
/* End PBXProject section */

/* Begin PBXResourcesBuildPhase section */
		P20003 /* Resources */ = {
			isa = PBXResourcesBuildPhase;
			buildActionMask = 2147483647;
			files = (
				B10109 /* Assets.xcassets in Resources */,
			);
			runOnlyForDeploymentPostprocessing = 0;
		};
/* End PBXResourcesBuildPhase section */

/* Begin PBXSourcesBuildPhase section */
		P20001 /* Sources */ = {
			isa = PBXSourcesBuildPhase;
			buildActionMask = 2147483647;
			files = (
				B10101 /* GitPersonaApp.swift in Sources */,
				B10102 /* Models.swift in Sources */,
				B10103 /* PersonaStore.swift in Sources */,
				B10112 /* PersonaVault.swift in Sources */,
				B10104 /* GitConfigApplier.swift in Sources */,
				B10105 /* RepoResolver.swift in Sources */,
				B10106 /* GlassChrome.swift in Sources */,
				B10107 /* MenuBarPopoverView.swift in Sources */,
				B10108 /* SettingsView.swift in Sources */,
				B10110 /* AppVersion.swift in Sources */,
				B10113 /* LaunchAtLogin.swift in Sources */,
			);
			runOnlyForDeploymentPostprocessing = 0;
		};
/* End PBXSourcesBuildPhase section */

/* Begin XCBuildConfiguration section */
		C50001 /* Debug */ = {
			isa = XCBuildConfiguration;
			buildSettings = {
				ALWAYS_SEARCH_USER_PATHS = NO;
				ASSETCATALOG_COMPILER_GENERATE_SWIFT_ASSET_SYMBOL_EXTENSIONS = YES;
				CLANG_ANALYZER_NONNULL = YES;
				CLANG_ANALYZER_NUMBER_OBJECT_CONVERSION = YES_AGGRESSIVE;
				CLANG_CXX_LANGUAGE_STANDARD = "gnu++20";
				CLANG_ENABLE_MODULES = YES;
				CLANG_ENABLE_OBJC_ARC = YES;
				CLANG_ENABLE_OBJC_WEAK = YES;
				CLANG_WARN_BLOCK_CAPTURE_AUTORELEASING = YES;
				CLANG_WARN_BOOL_CONVERSION = YES;
				CLANG_WARN_COMMA = YES;
				CLANG_WARN_CONSTANT_CONVERSION = YES;
				CLANG_WARN_DEPRECATED_OBJC_IMPLEMENTATIONS = YES;
				CLANG_WARN_DIRECT_OBJC_ISA_USAGE = YES_ERROR;
				CLANG_WARN_DOCUMENTATION_COMMENTS = YES;
				CLANG_WARN_EMPTY_BODY = YES;
				CLANG_WARN_ENUM_CONVERSION = YES;
				CLANG_WARN_INFINITE_RECURSION = YES;
				CLANG_WARN_INT_CONVERSION = YES;
				CLANG_WARN_NON_LITERAL_NULL_CONVERSION = YES;
				CLANG_WARN_OBJC_IMPLICIT_RETAIN_SELF = YES;
				CLANG_WARN_OBJC_LITERAL_CONVERSION = YES;
				CLANG_WARN_OBJC_ROOT_CLASS = YES_ERROR;
				CLANG_WARN_QUOTED_INCLUDE_IN_FRAMEWORK_HEADER = YES;
				CLANG_WARN_RANGE_LOOP_ANALYSIS = YES;
				CLANG_WARN_STRICT_PROTOTYPES = YES;
				CLANG_WARN_SUSPICIOUS_MOVE = YES;
				CLANG_WARN_UNGUARDED_AVAILABILITY = YES_AGGRESSIVE;
				CLANG_WARN_UNREACHABLE_CODE = YES;
				CLANG_WARN__DUPLICATE_METHOD_MATCH = YES;
				COPY_PHASE_STRIP = NO;
				DEBUG_INFORMATION_FORMAT = dwarf;
				ENABLE_STRICT_OBJC_MSGSEND = YES;
				ENABLE_TESTABILITY = YES;
				ENABLE_USER_SCRIPT_SANDBOXING = YES;
				GCC_C_LANGUAGE_STANDARD = gnu17;
				GCC_DYNAMIC_NO_PIC = NO;
				GCC_NO_COMMON_BLOCKS = YES;
				GCC_OPTIMIZATION_LEVEL = 0;
				GCC_PREPROCESSOR_DEFINITIONS = (
					"DEBUG=1",
					"$(inherited)",
				);
				GCC_WARN_64_TO_32_BIT_CONVERSION = YES;
				GCC_WARN_ABOUT_RETURN_TYPE = YES_ERROR;
				GCC_WARN_UNDECLARED_SELECTOR = YES;
				GCC_WARN_UNINITIALIZED_AUTOS = YES_AGGRESSIVE;
				GCC_WARN_UNUSED_FUNCTION = YES;
				GCC_WARN_UNUSED_VARIABLE = YES;
				LOCALIZATION_PREFERS_STRING_CATALOGS = YES;
				MACOSX_DEPLOYMENT_TARGET = 26.0;
				MTL_ENABLE_DEBUG_INFO = INCLUDE_SOURCE;
				MTL_FAST_MATH = YES;
				ONLY_ACTIVE_ARCH = YES;
				SDKROOT = macosx;
				SWIFT_ACTIVE_COMPILATION_CONDITIONS = "DEBUG $(inherited)";
				SWIFT_OPTIMIZATION_LEVEL = "-Onone";
			};
			name = Debug;
		};
		C50002 /* Release */ = {
			isa = XCBuildConfiguration;
			buildSettings = {
				ALWAYS_SEARCH_USER_PATHS = NO;
				ASSETCATALOG_COMPILER_GENERATE_SWIFT_ASSET_SYMBOL_EXTENSIONS = YES;
				CLANG_ANALYZER_NONNULL = YES;
				CLANG_ANALYZER_NUMBER_OBJECT_CONVERSION = YES_AGGRESSIVE;
				CLANG_CXX_LANGUAGE_STANDARD = "gnu++20";
				CLANG_ENABLE_MODULES = YES;
				CLANG_ENABLE_OBJC_ARC = YES;
				CLANG_ENABLE_OBJC_WEAK = YES;
				CLANG_WARN_BLOCK_CAPTURE_AUTORELEASING = YES;
				CLANG_WARN_BOOL_CONVERSION = YES;
				CLANG_WARN_COMMA = YES;
				CLANG_WARN_CONSTANT_CONVERSION = YES;
				CLANG_WARN_DEPRECATED_OBJC_IMPLEMENTATIONS = YES;
				CLANG_WARN_DIRECT_OBJC_ISA_USAGE = YES_ERROR;
				CLANG_WARN_DOCUMENTATION_COMMENTS = YES;
				CLANG_WARN_EMPTY_BODY = YES;
				CLANG_WARN_ENUM_CONVERSION = YES;
				CLANG_WARN_INFINITE_RECURSION = YES;
				CLANG_WARN_INT_CONVERSION = YES;
				CLANG_WARN_NON_LITERAL_NULL_CONVERSION = YES;
				CLANG_WARN_OBJC_IMPLICIT_RETAIN_SELF = YES;
				CLANG_WARN_OBJC_LITERAL_CONVERSION = YES;
				CLANG_WARN_OBJC_ROOT_CLASS = YES_ERROR;
				CLANG_WARN_QUOTED_INCLUDE_IN_FRAMEWORK_HEADER = YES;
				CLANG_WARN_RANGE_LOOP_ANALYSIS = YES;
				CLANG_WARN_STRICT_PROTOTYPES = YES;
				CLANG_WARN_SUSPICIOUS_MOVE = YES;
				CLANG_WARN_UNGUARDED_AVAILABILITY = YES_AGGRESSIVE;
				CLANG_WARN_UNREACHABLE_CODE = YES;
				CLANG_WARN__DUPLICATE_METHOD_MATCH = YES;
				COPY_PHASE_STRIP = NO;
				DEBUG_INFORMATION_FORMAT = "dwarf-with-dsym";
				ENABLE_NS_ASSERTIONS = NO;
				ENABLE_STRICT_OBJC_MSGSEND = YES;
				ENABLE_USER_SCRIPT_SANDBOXING = YES;
				GCC_C_LANGUAGE_STANDARD = gnu17;
				GCC_NO_COMMON_BLOCKS = YES;
				GCC_WARN_64_TO_32_BIT_CONVERSION = YES;
				GCC_WARN_ABOUT_RETURN_TYPE = YES_ERROR;
				GCC_WARN_UNDECLARED_SELECTOR = YES;
				GCC_WARN_UNINITIALIZED_AUTOS = YES_AGGRESSIVE;
				GCC_WARN_UNUSED_FUNCTION = YES;
				GCC_WARN_UNUSED_VARIABLE = YES;
				LOCALIZATION_PREFERS_STRING_CATALOGS = YES;
				MACOSX_DEPLOYMENT_TARGET = 26.0;
				MTL_ENABLE_DEBUG_INFO = NO;
				MTL_FAST_MATH = YES;
				SDKROOT = macosx;
				SWIFT_COMPILATION_MODE = wholemodule;
			};
			name = Release;
		};
		C50101 /* Debug */ = {
			isa = XCBuildConfiguration;
			baseConfigurationReference = F10110 /* Version.xcconfig */;
			buildSettings = {
				ASSETCATALOG_COMPILER_APPICON_NAME = AppIcon;
				ASSETCATALOG_COMPILER_GLOBAL_ACCENT_COLOR_NAME = AccentColor;
				CODE_SIGN_STYLE = Automatic;
				COMBINE_HIDPI_IMAGES = YES;
				DEVELOPMENT_TEAM = "";
				ENABLE_APP_SANDBOX = NO;
				ENABLE_HARDENED_RUNTIME = YES;
				ENABLE_PREVIEWS = YES;
				GENERATE_INFOPLIST_FILE = YES;
				INFOPLIST_KEY_CFBundleDisplayName = GitPersona;
				INFOPLIST_KEY_LSUIElement = YES;
				INFOPLIST_KEY_NSHumanReadableCopyright = "";
				LD_RUNPATH_SEARCH_PATHS = (
					"$(inherited)",
					"@executable_path/../Frameworks",
				);
				PRODUCT_BUNDLE_IDENTIFIER = dev.gitpersona.app;
				PRODUCT_NAME = "$(TARGET_NAME)";
				SWIFT_EMIT_LOC_STRINGS = YES;
				SWIFT_VERSION = 6.0;
			};
			name = Debug;
		};
		C50102 /* Release */ = {
			isa = XCBuildConfiguration;
			baseConfigurationReference = F10110 /* Version.xcconfig */;
			buildSettings = {
				ASSETCATALOG_COMPILER_APPICON_NAME = AppIcon;
				ASSETCATALOG_COMPILER_GLOBAL_ACCENT_COLOR_NAME = AccentColor;
				CODE_SIGN_STYLE = Automatic;
				COMBINE_HIDPI_IMAGES = YES;
				DEVELOPMENT_TEAM = "";
				ENABLE_APP_SANDBOX = NO;
				ENABLE_HARDENED_RUNTIME = YES;
				ENABLE_PREVIEWS = YES;
				GENERATE_INFOPLIST_FILE = YES;
				INFOPLIST_KEY_CFBundleDisplayName = GitPersona;
				INFOPLIST_KEY_LSUIElement = YES;
				INFOPLIST_KEY_NSHumanReadableCopyright = "";
				LD_RUNPATH_SEARCH_PATHS = (
					"$(inherited)",
					"@executable_path/../Frameworks",
				);
				PRODUCT_BUNDLE_IDENTIFIER = dev.gitpersona.app;
				PRODUCT_NAME = "$(TARGET_NAME)";
				SWIFT_EMIT_LOC_STRINGS = YES;
				SWIFT_VERSION = 6.0;
			};
			name = Release;
		};
/* End XCBuildConfiguration section */

/* Begin XCConfigurationList section */
		L40000 /* Build configuration list for PBXProject "GitPersona" */ = {
			isa = XCConfigurationList;
			buildConfigurations = (
				C50001 /* Debug */,
				C50002 /* Release */,
			);
			defaultConfigurationIsVisible = 0;
			defaultConfigurationName = Release;
		};
		L40001 /* Build configuration list for PBXNativeTarget "GitPersona" */ = {
			isa = XCConfigurationList;
			buildConfigurations = (
				C50101 /* Debug */,
				C50102 /* Release */,
			);
			defaultConfigurationIsVisible = 0;
			defaultConfigurationName = Release;
		};
/* End XCConfigurationList section */
	};
	rootObject = PROJ01 /* Project object */;
}
